
Microsoft Visual Studio Solution File, Format Version 12.00
# Visual Studio Version 16
VisualStudioVersion = 16.0.31005.135
MinimumVisualStudioVersion = 10.0.40219.1
Project("{2150E333-8FDC-42A3-9474-1A3956D46DE8}") = "src", "src", "{A2325FE3-9DA7-48B3-937C-6842A5843215}"
	ProjectSection(SolutionItems) = preProject
		ReadMe.md = ReadMe.md
	EndProjectSection
EndProject
Project("{2150E333-8FDC-42A3-9474-1A3956D46DE8}") = "Task3-WebAPI", "Task3-WebAPI", "{C6F1430A-E172-48AC-ABAC-91036DB1B0F8}"
EndProject
Project("{2150E333-8FDC-42A3-9474-1A3956D46DE8}") = "Task2-Reporting", "Task2-Reporting", "{EB9382D2-7283-4DE0-820A-49609DB5173F}"
EndProject
Project("{2150E333-8FDC-42A3-9474-1A3956D46DE8}") = "Task1-WebExtraction", "Task1-WebExtraction", "{765B8445-A4FA-44CF-B034-5ACF5BCB2285}"
EndProject
Project("{2150E333-8FDC-42A3-9474-1A3956D46DE8}") = "API", "API", "{7DB29B2E-2143-4B4C-9D09-1DA26B66EA2F}"
EndProject
Project("{9A19103F-16F7-4668-BE54-9A1E7A4F7556}") = "HQPlus.Api", "HQPlus.Api\HQPlus.Api.csproj", "{67747A75-6266-42BA-BA49-CCA718DCEF71}"
EndProject
Project("{2150E333-8FDC-42A3-9474-1A3956D46DE8}") = "Core", "Core", "{CC8C3933-496B-4C87-8938-FFB8A3C9C5AE}"
EndProject
Project("{2150E333-8FDC-42A3-9474-1A3956D46DE8}") = "Infrastructure", "Infrastructure", "{2526BEAD-EA6E-493B-B6E1-07D8D08B2874}"
EndProject
Project("{9A19103F-16F7-4668-BE54-9A1E7A4F7556}") = "HQPlus.Application", "HQPlus.Application\HQPlus.Application.csproj", "{29C16C0D-9F99-4218-BB4D-5608B2FCEE82}"
EndProject
Project("{9A19103F-16F7-4668-BE54-9A1E7A4F7556}") = "HQPlus.Domain", "HQPlus.Domain\HQPlus.Domain.csproj", "{F4D0BA36-C19B-47F2-A491-206D8329959F}"
EndProject
Project("{9A19103F-16F7-4668-BE54-9A1E7A4F7556}") = "HQPlus.Persistence", "HQPlus.Persistence\HQPlus.Persistence.csproj", "{03411FCC-4F22-405D-B175-6ACD67B8C38C}"
EndProject
Project("{9A19103F-16F7-4668-BE54-9A1E7A4F7556}") = "HQPlus.Reporting", "HQPlus.Reporting\HQPlus.Reporting.csproj", "{B26800EF-3B55-4CF3-B165-8E417AECE99A}"
EndProject
Project("{9A19103F-16F7-4668-BE54-9A1E7A4F7556}") = "HQPlus.WebExtraction", "HQPlus.WebExtraction\HQPlus.WebExtraction.csproj", "{EDF26950-244B-4E95-98B5-B0DEC7AB4CC3}"
EndProject
Project("{9A19103F-16F7-4668-BE54-9A1E7A4F7556}") = "HQPlus.WebExtraction.Tests", "HQPlus.WebExtraction.Tests\HQPlus.WebExtraction.Tests.csproj", "{48CE9514-2385-41AB-AA02-C2C14AC66588}"
EndProject
Project("{9A19103F-16F7-4668-BE54-9A1E7A4F7556}") = "HQPlus.Reporting.Tests", "HQPlus.Reporting.Tests\HQPlus.Reporting.Tests.csproj", "{7796AEEC-5D49-4725-AA9D-574BB44C7A86}"
EndProject
Project("{2150E333-8FDC-42A3-9474-1A3956D46DE8}") = "test", "test", "{336AD8F7-86F3-43E6-8E1F-A51624ACD0D4}"
EndProject
Project("{9A19103F-16F7-4668-BE54-9A1E7A4F7556}") = "HQPlus.Application.UnitTests", "HQPlus.Application.Tests\HQPlus.Application.UnitTests.csproj", "{2D373E40-893D-4D7F-BFC5-4B711918B74E}"
EndProject
Project("{9A19103F-16F7-4668-BE54-9A1E7A4F7556}") = "HQPlus.API.IntegratrionTests", "HQPlus.API.IntegratrionTests\HQPlus.API.IntegratrionTests.csproj", "{A2C21602-CB58-4BD0-B0BC-890A5806D4D7}"
EndProject
Global
	GlobalSection(SolutionConfigurationPlatforms) = preSolution
		Debug|Any CPU = Debug|Any CPU
		Release|Any CPU = Release|Any CPU
	EndGlobalSection
	GlobalSection(ProjectConfigurationPlatforms) = postSolution
		{67747A75-6266-42BA-BA49-CCA718DCEF71}.Debug|Any CPU.ActiveCfg = Debug|Any CPU
		{67747A75-6266-42BA-BA49-CCA718DCEF71}.Debug|Any CPU.Build.0 = Debug|Any CPU
		{67747A75-6266-42BA-BA49-CCA718DCEF71}.Release|Any CPU.ActiveCfg = Release|Any CPU
		{67747A75-6266-42BA-BA49-CCA718DCEF71}.Release|Any CPU.Build.0 = Release|Any CPU
		{29C16C0D-9F99-4218-BB4D-5608B2FCEE82}.Debug|Any CPU.ActiveCfg = Debug|Any CPU
		{29C16C0D-9F99-4218-BB4D-5608B2FCEE82}.Debug|Any CPU.Build.0 = Debug|Any CPU
		{29C16C0D-9F99-4218-BB4D-5608B2FCEE82}.Release|Any CPU.ActiveCfg = Release|Any CPU
		{29C16C0D-9F99-4218-BB4D-5608B2FCEE82}.Release|Any CPU.Build.0 = Release|Any CPU
		{F4D0BA36-C19B-47F2-A491-206D8329959F}.Debug|Any CPU.ActiveCfg = Debug|Any CPU
		{F4D0BA36-C19B-47F2-A491-206D8329959F}.Debug|Any CPU.Build.0 = Debug|Any CPU
		{F4D0BA36-C19B-47F2-A491-206D8329959F}.Release|Any CPU.ActiveCfg = Release|Any CPU
		{F4D0BA36-C19B-47F2-A491-206D8329959F}.Release|Any CPU.Build.0 = Release|Any CPU
		{03411FCC-4F22-405D-B175-6ACD67B8C38C}.Debug|Any CPU.ActiveCfg = Debug|Any CPU
		{03411FCC-4F22-405D-B175-6ACD67B8C38C}.Debug|Any CPU.Build.0 = Debug|Any CPU
		{03411FCC-4F22-405D-B175-6ACD67B8C38C}.Release|Any CPU.ActiveCfg = Release|Any CPU
		{03411FCC-4F22-405D-B175-6ACD67B8C38C}.Release|Any CPU.Build.0 = Release|Any CPU
		{B26800EF-3B55-4CF3-B165-8E417AECE99A}.Debug|Any CPU.ActiveCfg = Debug|Any CPU
		{B26800EF-3B55-4CF3-B165-8E417AECE99A}.Debug|Any CPU.Build.0 = Debug|Any CPU
		{B26800EF-3B55-4CF3-B165-8E417AECE99A}.Release|Any CPU.ActiveCfg = Release|Any CPU
		{B26800EF-3B55-4CF3-B165-8E417AECE99A}.Release|Any CPU.Build.0 = Release|Any CPU
		{EDF26950-244B-4E95-98B5-B0DEC7AB4CC3}.Debug|Any CPU.ActiveCfg = Debug|Any CPU
		{EDF26950-244B-4E95-98B5-B0DEC7AB4CC3}.Debug|Any CPU.Build.0 = Debug|Any CPU
		{EDF26950-244B-4E95-98B5-B0DEC7AB4CC3}.Release|Any CPU.ActiveCfg = Release|Any CPU
		{EDF26950-244B-4E95-98B5-B0DEC7AB4CC3}.Release|Any CPU.Build.0 = Release|Any CPU
		{48CE9514-2385-41AB-AA02-C2C14AC66588}.Debug|Any CPU.ActiveCfg = Debug|Any CPU
		{48CE9514-2385-41AB-AA02-C2C14AC66588}.Debug|Any CPU.Build.0 = Debug|Any CPU
		{48CE9514-2385-41AB-AA02-C2C14AC66588}.Release|Any CPU.ActiveCfg = Release|Any CPU
		{48CE9514-2385-41AB-AA02-C2C14AC66588}.Release|Any CPU.Build.0 = Release|Any CPU
		{7796AEEC-5D49-4725-AA9D-574BB44C7A86}.Debug|Any CPU.ActiveCfg = Debug|Any CPU
		{7796AEEC-5D49-4725-AA9D-574BB44C7A86}.Debug|Any CPU.Build.0 = Debug|Any CPU
		{7796AEEC-5D49-4725-AA9D-574BB44C7A86}.Release|Any CPU.ActiveCfg = Release|Any CPU
		{7796AEEC-5D49-4725-AA9D-574BB44C7A86}.Release|Any CPU.Build.0 = Release|Any CPU
		{2D373E40-893D-4D7F-BFC5-4B711918B74E}.Debug|Any CPU.ActiveCfg = Debug|Any CPU
		{2D373E40-893D-4D7F-BFC5-4B711918B74E}.Debug|Any CPU.Build.0 = Debug|Any CPU
		{2D373E40-893D-4D7F-BFC5-4B711918B74E}.Release|Any CPU.ActiveCfg = Release|Any CPU
		{2D373E40-893D-4D7F-BFC5-4B711918B74E}.Release|Any CPU.Build.0 = Release|Any CPU
		{A2C21602-CB58-4BD0-B0BC-890A5806D4D7}.Debug|Any CPU.ActiveCfg = Debug|Any CPU
		{A2C21602-CB58-4BD0-B0BC-890A5806D4D7}.Debug|Any CPU.Build.0 = Debug|Any CPU
		{A2C21602-CB58-4BD0-B0BC-890A5806D4D7}.Release|Any CPU.ActiveCfg = Release|Any CPU
		{A2C21602-CB58-4BD0-B0BC-890A5806D4D7}.Release|Any CPU.Build.0 = Release|Any CPU
	EndGlobalSection
	GlobalSection(SolutionProperties) = preSolution
		HideSolutionNode = FALSE
	EndGlobalSection
	GlobalSection(NestedProjects) = preSolution
		{C6F1430A-E172-48AC-ABAC-91036DB1B0F8} = {A2325FE3-9DA7-48B3-937C-6842A5843215}
		{EB9382D2-7283-4DE0-820A-49609DB5173F} = {A2325FE3-9DA7-48B3-937C-6842A5843215}
		{765B8445-A4FA-44CF-B034-5ACF5BCB2285} = {A2325FE3-9DA7-48B3-937C-6842A5843215}
		{7DB29B2E-2143-4B4C-9D09-1DA26B66EA2F} = {C6F1430A-E172-48AC-ABAC-91036DB1B0F8}
		{67747A75-6266-42BA-BA49-CCA718DCEF71} = {7DB29B2E-2143-4B4C-9D09-1DA26B66EA2F}
		{CC8C3933-496B-4C87-8938-FFB8A3C9C5AE} = {C6F1430A-E172-48AC-ABAC-91036DB1B0F8}
		{2526BEAD-EA6E-493B-B6E1-07D8D08B2874} = {C6F1430A-E172-48AC-ABAC-91036DB1B0F8}
		{29C16C0D-9F99-4218-BB4D-5608B2FCEE82} = {CC8C3933-496B-4C87-8938-FFB8A3C9C5AE}
		{F4D0BA36-C19B-47F2-A491-206D8329959F} = {CC8C3933-496B-4C87-8938-FFB8A3C9C5AE}
		{03411FCC-4F22-405D-B175-6ACD67B8C38C} = {2526BEAD-EA6E-493B-B6E1-07D8D08B2874}
		{B26800EF-3B55-4CF3-B165-8E417AECE99A} = {EB9382D2-7283-4DE0-820A-49609DB5173F}
		{EDF26950-244B-4E95-98B5-B0DEC7AB4CC3} = {765B8445-A4FA-44CF-B034-5ACF5BCB2285}
		{48CE9514-2385-41AB-AA02-C2C14AC66588} = {765B8445-A4FA-44CF-B034-5ACF5BCB2285}
		{7796AEEC-5D49-4725-AA9D-574BB44C7A86} = {EB9382D2-7283-4DE0-820A-49609DB5173F}
		{336AD8F7-86F3-43E6-8E1F-A51624ACD0D4} = {C6F1430A-E172-48AC-ABAC-91036DB1B0F8}
		{2D373E40-893D-4D7F-BFC5-4B711918B74E} = {336AD8F7-86F3-43E6-8E1F-A51624ACD0D4}
		{A2C21602-CB58-4BD0-B0BC-890A5806D4D7} = {336AD8F7-86F3-43E6-8E1F-A51624ACD0D4}
	EndGlobalSection
	GlobalSection(ExtensibilityGlobals) = postSolution
		SolutionGuid = {C8DB94F6-7740-44D3-B127-952309C85AA6}
	EndGlobalSection
EndGlobal
